buf.build/gen/go/bufbuild/protovalidate/protocolbuffers/go v1.34.1-20240508200655-46a4cf4ba109.1 h1:LEXWFH/xZ5oOWrC3oOtHbUyBdzRWMCPpAQmKC9v05mA=
buf.build/gen/go/bufbuild/protovalidate/protocolbuffers/go v1.34.1-20240508200655-46a4cf4ba109.1/go.mod h1:XF+P8+RmfdufmIYpGUC+6bF7S+IlmHDEnCrO3OXaUAQ=
cloud.google.com/go/dlp v1.13.0 h1:T7p+nTgLyp++5WcYAYD9+hVA5TsYWD4zasD5LsoyhvU=
cloud.google.com/go/dlp v1.13.0/go.mod h1:5T/dFtKOn2Q3QLnaKjjir7nEGA8K00WaqoKodLkbF/c=
github.com/AlekSi/pointer v1.0.0 h1:KWCWzsvFxNLcmM5XmiqHsGTTsuwZMsLFwWF9Y+//bNE=
github.com/AlekSi/pointer v1.0.0/go.mod h1:1kjywbfcPFCmncIxtk6fIEub6LKrfMz3gc5QKVOSOA8=
github.com/alitto/pond v1.8.3 h1:ydIqygCLVPqIX/USe5EaV/aSRXTRXDEI9JwuDdu+/xs=
github.com/alitto/pond v1.8.3/go.mod h1:CmvIIGd5jKLasGI3D87qDkQxjzChdKMmnXMg3fG6M6Q=
github.com/antlr4-go/antlr/v4 v4.13.0 h1:lxCg3LAv+EUK6t1i0y1V6/SLeUi0eKEKdhQAlS8TVTI=
github.com/antlr4-go/antlr/v4 v4.13.0/go.mod h1:pfChB/xh/Unjila75QW7+VU4TSnWnnk9UTnmpPaOR2g=
github.com/bufbuild/protocompile v0.10.0 h1:+jW/wnLMLxaCEG8AX9lD0bQ5v9h1RUiMKOBOT5ll9dM=
github.com/bufbuild/protocompile v0.10.0/go.mod h1:G9qQIQo0xZ6Uyj6CMNz0saGmx2so+KONo8/KrELABiY=
github.com/bufbuild/protovalidate-go v0.6.2 h1:U/V3CGF0kPlR12v41rjO4DrYZtLcS4ZONLmWN+rJVCQ=
github.com/bufbuild/protovalidate-go v0.6.2/go.mod h1:4BR3rKEJiUiTy+sqsusFn2ladOf0kYmA2Reo6BHSBgQ=
github.com/cenkalti/backoff/v4 v4.3.0 h1:MyRJ/UdXutAwSAT+s3wNd7MfTIcy71VQueUuFK343L8=
github.com/cenkalti/backoff/v4 v4.3.0/go.mod h1:Y3VNntkOUPxTVeUxJ/G5vcM//AlwfmyYozVcomhLiZE=
github.com/cpuguy83/go-md2man/v2 v2.0.3/go.mod h1:tgQtvFlXSQOSOSIRvRPT7W67SCa46tRHOmNcaadrF8o=
github.com/davecgh/go-spew v1.1.0/go.mod h1:J7Y8YcW2NihsgmVo/mv3lAwl/skON4iLHjSsI+c5H38=
github.com/davecgh/go-spew v1.1.1 h1:vj9j/u1bqnvCEfJOwUhtlOARqs3+rkHYY13jYWTU97c=
github.com/davecgh/go-spew v1.1.1/go.mod h1:J7Y8YcW2NihsgmVo/mv3lAwl/skON4iLHjSsI+c5H38=
github.com/go-logr/logr v1.2.2/go.mod h1:jdQByPbusPIv2/zmleS9BjJVeZ6kBagPoEUsqbVz/1A=
github.com/go-logr/logr v1.4.1 h1:pKouT5E8xu9zeFC39JXRDukb6JFQPXM5p5I91188VAQ=
github.com/go-logr/logr v1.4.1/go.mod h1:9T104GzyrTigFIr8wt5mBrctHMim0Nb2HLGrmQ40KvY=
github.com/go-logr/stdr v1.2.2 h1:hSWxHoqTgW2S2qGc0LTAI563KZ5YKYRhT3MFKZMbjag=
github.com/go-logr/stdr v1.2.2/go.mod h1:mMo/vtBO5dYbehREoey6XUKy/eSumjCCveDpRre4VKE=
github.com/go-task/slim-sprig/v3 v3.0.0 h1:sUs3vkvUymDpBKi3qH1YSqBQk9+9D/8M2mN1vB6EwHI=
github.com/go-task/slim-sprig/v3 v3.0.0/go.mod h1:W848ghGpv3Qj3dhTPRyJypKRiqCdHZiAzKg9hl15HA8=
github.com/golang/protobuf v1.5.0/go.mod h1:FsONVRAS9T7sI+LIUmWTfcYkHO4aIWwzhcaSAoJOfIk=
github.com/golang/protobuf v1.5.4 h1:i7eJL8qZTpSEXOPTxNKhASYpMn+8e5Q6AdndVa1dWek=
github.com/golang/protobuf v1.5.4/go.mod h1:lnTiLA8Wa4RWRcIUkrtSVa5nRhsEGBg48fD6rSs7xps=
github.com/google/cel-go v0.20.1 h1:nDx9r8S3L4pE61eDdt8igGj8rf5kjYR3ILxWIpWNi84=
github.com/google/cel-go v0.20.1/go.mod h1:kWcIzTsPX0zmQ+H3TirHstLLf9ep5QTsZBN9u4dOYLg=
github.com/google/go-cmp v0.5.5/go.mod h1:v8dTdLbMG2kIc/vJvl+f65V22dbkXbowE6jgT/gNBxE=
github.com/google/go-cmp v0.5.9/go.mod h1:17dUlkBOakJ0+DkrSSNjCkIjxS6bF9zb3elmeNGIjoY=
github.com/google/go-cmp v0.6.0 h1:ofyhxvXcZhMsU5ulbFiLKl/XBFqE1GSq7atu8tAmTRI=
github.com/google/go-cmp v0.6.0/go.mod h1:17dUlkBOakJ0+DkrSSNjCkIjxS6bF9zb3elmeNGIjoY=
github.com/google/pprof v0.0.0-20240424215950-a892ee059fd6 h1:k7nVchz72niMH6YLQNvHSdIE7iqsQxK1P41mySCvssg=
github.com/google/pprof v0.0.0-20240424215950-a892ee059fd6/go.mod h1:kf6iHlnVGwgKolg33glAes7Yg/8iWP8ukqeldJSO7jw=
github.com/google/uuid v1.6.0 h1:NIvaJDMOsjHA8n1jAhLSgzrAzy1Hgr+hNrb57e+94F0=
github.com/google/uuid v1.6.0/go.mod h1:TIyPZe4MgqvfeYDBFedMoGGpEw/LqOeaOT+nhxU+yHo=
github.com/grpc-ecosystem/grpc-gateway/v2 v2.20.0 h1:bkypFPDjIYGfCYD5mRBvpqxfYX1YCS1PXdKYWi8FsN0=
github.com/grpc-ecosystem/grpc-gateway/v2 v2.20.0/go.mod h1:P+Lt/0by1T8bfcF3z737NnSbmxQAppXMRziHUxPOC8k=
github.com/iancoleman/strcase v0.3.0 h1:nTXanmYxhfFAMjZL34Ov6gkzEsSJZ5DbhxWjvSASxEI=
github.com/iancoleman/strcase v0.3.0/go.mod h1:iwCmte+B7n89clKwxIoIXy/HfoL7AsD47ZCWhYzw7ho=
github.com/inconshreveable/mousetrap v1.1.0 h1:wN+x4NVGpMsO7ErUn/mUI3vEoE6Jt13X2s0bqwp9tc8=
github.com/inconshreveable/mousetrap v1.1.0/go.mod h1:vpF70FUmC8bwa3OWnCshd2FqLfsEA9PFc4w1p2J65bw=
github.com/jhump/protoreflect v1.16.0 h1:54fZg+49widqXYQ0b+usAFHbMkBGR4PpXrsHc8+TBDg=
github.com/jhump/protoreflect v1.16.0/go.mod h1:oYPd7nPvcBw/5wlDfm/AVmU9zH9BgqGCI469pGxfj/8=
github.com/kr/pretty v0.3.1 h1:flRD4NNwYAUpkphVc1HcthR4KEIFJ65n8Mw5qdRn3LE=
github.com/kr/pretty v0.3.1/go.mod h1:hoEshYVHaxMs3cyo3Yncou5ZscifuDolrwPKZanG3xk=
github.com/kr/text v0.2.0 h1:5Nx0Ya0ZqY2ygV366QzturHI13Jq95ApcVaJBhpS+AY=
github.com/kr/text v0.2.0/go.mod h1:eLer722TekiGuMkidMxC/pM04lWEeraHUUmBw8l2grE=
github.com/kralicky/codegen v0.0.0-20240522012557-5193d3fdbeca h1:fOocXyJC76EbMkhVUU07PWRPj0FdDJMdWxvsDvUfyzo=
github.com/kralicky/codegen v0.0.0-20240522012557-5193d3fdbeca/go.mod h1:JCNwZT8FdjEIv6WsKAHsJ+GTh1/AlBrXWvxg4bOIQbU=
github.com/kralicky/gpkg v0.0.0-20240119195700-64f32830b14f h1:MsNe8A51V+7Fu5OMXSl8SK02erPJ40vFs2zDHn89w1g=
github.com/kralicky/gpkg v0.0.0-20240119195700-64f32830b14f/go.mod h1:vOkwMjs49XmP/7Xfo9ZL6eg2ei51lmtD/4U/Az5GTq8=
github.com/kralicky/protocompile v0.0.0-20240515213713-67f2e10cff9b h1:8tk3zYBk0TdyAAF6rb8CzhfG59Zr74bUD2cnIyG8izk=
github.com/kralicky/protocompile v0.0.0-20240515213713-67f2e10cff9b/go.mod h1:8zYpLPSK3LGoz1PCD4OiSLWdlrkBYNSYSv9+pxc4D9w=
github.com/kralicky/protols v0.5.0-rc1.0.20240606154151-63027a722bd5 h1:+ydwfuadFUOWHZiYjToBUIuKc1Wr5FO21b3gwNJzN8E=
github.com/kralicky/protols v0.5.0-rc1.0.20240606154151-63027a722bd5/go.mod h1:1WER/BzIpGkvebD1iRDbA59/Fm/ytez/TLUni4H810Y=
github.com/kralicky/tools-lite v0.0.0-20240313161632-60bfa88304ff h1:akxm/czMYHdr1xIGm6wmddABmc4M9KDcqksdwpIJx8A=
github.com/kralicky/tools-lite v0.0.0-20240313161632-60bfa88304ff/go.mod h1:V8GGYRLr40bvX/W3nZFxG+6S3iDFWn6o5J3NGDClr8U=
github.com/magefile/mage v1.15.0 h1:BvGheCMAsG3bWUDbZ8AyXXpCNwU9u5CB6sM+HNb9HYg=
github.com/magefile/mage v1.15.0/go.mod h1:z5UZb/iS3GoOSn0JgWuiw7dxlurVYTu+/jHXqQg881A=
github.com/mitchellh/mapstructure v1.5.0 h1:jeMsZIYE/09sWLaz43PL7Gy6RuMjD2eJVyuac5Z2hdY=
github.com/mitchellh/mapstructure v1.5.0/go.mod h1:bFUtVrKA4DC2yAKiSyO/QUcy7e+RRV2QTWOzhPopBRo=
github.com/olebedev/when v1.0.0 h1:T2DZCj8HxUhOVxcqaLOmzuTr+iZLtMHsZEim7mjIA2w=
github.com/olebedev/when v1.0.0/go.mod h1:T0THb4kP9D3NNqlvCwIG4GyUioTAzEhB4RNVzig/43E=
github.com/onsi/ginkgo/v2 v2.19.0 h1:9Cnnf7UHo57Hy3k6/m5k3dRfGTMXGvxhHFvkDTCTpvA=
github.com/onsi/ginkgo/v2 v2.19.0/go.mod h1:rlwLi9PilAFJ8jCg9UE1QP6VBpd6/xj3SRC0d6TU0To=
github.com/onsi/gomega v1.33.1 h1:dsYjIxxSR755MDmKVsaFQTE22ChNBcuuTWgkUDSubOk=
github.com/onsi/gomega v1.33.1/go.mod h1:U4R44UsT+9eLIaYRB2a5qajjtQYn0hauxvRm16AVYg0=
github.com/pkg/errors v0.8.1 h1:iURUrRGxPUNPdy5/HRSm+Yj6okJ6UtLINN0Q9M4+h3I=
github.com/pkg/errors v0.8.1/go.mod h1:bwawxfHBFNV+L2hUp1rHADufV3IMtnDRdf1r5NINEl0=
github.com/plar/go-adaptive-radix-tree v1.0.5 h1:rHR89qy/6c24TBAHullFMrJsU9hGlKmPibdBGU6/gbM=
github.com/plar/go-adaptive-radix-tree v1.0.5/go.mod h1:15VOUO7R9MhJL8HOJdpydR0rvanrtRE6fA6XSa/tqWE=
github.com/pmezard/go-difflib v1.0.0/go.mod h1:iKH77koFhYxTK1pcRnkKkqfTogsbg7gZNVY4sRDYZ/4=
github.com/pmezard/go-difflib v1.0.1-0.20181226105442-5d4384ee4fb2 h1:Jamvg5psRIccs7FGNTlIRMkT8wgtp5eCXdBlqhYGL6U=
github.com/pmezard/go-difflib v1.0.1-0.20181226105442-5d4384ee4fb2/go.mod h1:iKH77koFhYxTK1pcRnkKkqfTogsbg7gZNVY4sRDYZ/4=
github.com/prometheus/client_model v0.6.0 h1:k1v3CzpSRUTrKMppY35TLwPvxHqBu0bYgxZzqGIgaos=
github.com/prometheus/client_model v0.6.0/go.mod h1:NTQHnmxFpouOD0DpvP4XujX3CdOAGQPoaGhyTchlyt8=
github.com/prometheus/common v0.53.0 h1:U2pL9w9nmJwJDa4qqLQ3ZaePJ6ZTwt7cMD3AG3+aLCE=
github.com/prometheus/common v0.53.0/go.mod h1:BrxBKv3FWBIGXw89Mg1AeBq7FSyRzXWI3l3e7W3RN5U=
github.com/rogpeppe/go-internal v1.12.0 h1:exVL4IDcn6na9z1rAb56Vxr+CgyK3nn3O+epU5NdKM8=
github.com/rogpeppe/go-internal v1.12.0/go.mod h1:E+RYuTGaKKdloAfM02xzb0FW3Paa99yedzYV+kq4uf4=
github.com/russross/blackfriday/v2 v2.1.0/go.mod h1:+Rmxgy9KzJVeS9/2gXHxylqXiyQDYRxCVz55jmeOWTM=
github.com/spf13/cobra v1.8.0 h1:7aJaZx1B85qltLMc546zn58BxxfZdR/W22ej9CFoEf0=
github.com/spf13/cobra v1.8.0/go.mod h1:WXLWApfZ71AjXPya3WOlMsY9yMs7YeiHhFVlvLyhcho=
github.com/spf13/pflag v1.0.5 h1:iy+VFUOCP1a+8yFto/drg2CJ5u0yRoB7fZw3DKv/JXA=
github.com/spf13/pflag v1.0.5/go.mod h1:McXfInJRrz4CZXVZOBLb0bTZqETkiAhM9Iw0y3An2Bg=
github.com/stoewer/go-strcase v1.3.0 h1:g0eASXYtp+yvN9fK8sH94oCIk0fau9uV1/ZdJ0AVEzs=
github.com/stoewer/go-strcase v1.3.0/go.mod h1:fAH5hQ5pehh+j3nZfvwdk2RgEgQjAoM8wodgtPmh1xo=
github.com/stretchr/objx v0.1.0/go.mod h1:HFkY916IF+rwdDfMAkV7OtwuqBVzrE8GR6GFx+wExME=
github.com/stretchr/objx v0.4.0/go.mod h1:YvHI0jy2hoMjB+UWwv71VJQ9isScKT/TqJzVSSt89Yw=
github.com/stretchr/objx v0.5.0 h1:1zr/of2m5FGMsad5YfcqgdqdWrIhu+EBEJRhR1U7z/c=
github.com/stretchr/objx v0.5.0/go.mod h1:Yh+to48EsGEfYuaHDzXPcE3xhTkx73EhmCGUpEOglKo=
github.com/stretchr/testify v1.7.1/go.mod h1:6Fq8oRcR53rry900zMqJjRRixrwX3KX962/h/Wwjteg=
github.com/stretchr/testify v1.8.0/go.mod h1:yNjHg4UonilssWZ8iaSj1OCr/vHnekPRkoO+kdMU+MU=
github.com/stretchr/testify v1.8.1/go.mod h1:w2LPCIKwWwSfY2zedu0+kehJoqGctiVI29o6fzry7u4=
github.com/stretchr/testify v1.9.0 h1:HtqpIVDClZ4nwg75+f6Lvsy/wHu+3BoSGCbBAcpTsTg=
github.com/stretchr/testify v1.9.0/go.mod h1:r2ic/lqez/lEtzL7wO/rwa5dbSLXVDPFyf8C91i36aY=
go.opentelemetry.io/contrib/instrumentation/google.golang.org/grpc/otelgrpc v0.52.0 h1:vS1Ao/R55RNV4O7TA2Qopok8yN+X0LIP6RVWLFkprck=
go.opentelemetry.io/contrib/instrumentation/google.golang.org/grpc/otelgrpc v0.52.0/go.mod h1:BMsdeOxN04K0L5FNUBfjFdvwWGNe/rkmSwH4Aelu/X0=
go.opentelemetry.io/contrib/propagators/autoprop v0.52.0 h1:xyRih6jMB0vroMSRdBE+uyKx20BclB/bybJt/LaCxmY=
go.opentelemetry.io/contrib/propagators/autoprop v0.52.0/go.mod h1:L67tQgHPIOrZEraNfzidjljS9o+yLha0Y3UY4jXfs5w=
go.opentelemetry.io/contrib/propagators/aws v1.27.0 h1:RJexJi4R0S9CpxzuhhzGlTCIpaaK9SJH9g9BFrCWfPE=
go.opentelemetry.io/contrib/propagators/aws v1.27.0/go.mod h1:bqU5Ma1dEQ7VtRbPMUsH8UDTuTMiLJN4W+eUmyNVayc=
go.opentelemetry.io/contrib/propagators/b3 v1.27.0 h1:IjgxbomVrV9za6bRi8fWCNXENs0co37SZedQilP2hm0=
go.opentelemetry.io/contrib/propagators/b3 v1.27.0/go.mod h1:Dv9obQz25lCisDvvs4dy28UPh974CxkahRDUPsY7y9E=
go.opentelemetry.io/contrib/propagators/jaeger v1.27.0 h1:tJPpZAEsihJgRTnXrPjY3rjED8Av3EJdi1kvKCi1yMc=
go.opentelemetry.io/contrib/propagators/jaeger v1.27.0/go.mod h1:5uPAMHJnlTktQbCCdWSX5PfK8CocD25mycIsZV/iFiU=
go.opentelemetry.io/contrib/propagators/ot v1.27.0 h1:xFPqk7ntRR87dqvl6RfeHiq9UlE8mPSuL6Dtr/zysL8=
go.opentelemetry.io/contrib/propagators/ot v1.27.0/go.mod h1:nVLTPrDlSZPoVdeWRmpWBwxA73TYL6XLkC4bj72jvmg=
go.opentelemetry.io/otel v1.27.0 h1:9BZoF3yMK/O1AafMiQTVu0YDj5Ea4hPhxCs7sGva+cg=
go.opentelemetry.io/otel v1.27.0/go.mod h1:DMpAK8fzYRzs+bi3rS5REupisuqTheUlSZJ1WnZaPAQ=
go.opentelemetry.io/otel/exporters/jaeger v1.17.0 h1:D7UpUy2Xc2wsi1Ras6V40q806WM07rqoCWzXu7Sqy+4=
go.opentelemetry.io/otel/exporters/jaeger v1.17.0/go.mod h1:nPCqOnEH9rNLKqH/+rrUjiMzHJdV1BlpKcTwRTyKkKI=
go.opentelemetry.io/otel/exporters/otlp/otlptrace v1.27.0 h1:R9DE4kQ4k+YtfLI2ULwX82VtNQ2J8yZmA7ZIF/D+7Mc=
go.opentelemetry.io/otel/exporters/otlp/otlptrace v1.27.0/go.mod h1:OQFyQVrDlbe+R7xrEyDr/2Wr67Ol0hRUgsfA+V5A95s=
go.opentelemetry.io/otel/exporters/otlp/otlptrace/otlptracegrpc v1.27.0 h1:qFffATk0X+HD+f1Z8lswGiOQYKHRlzfmdJm0wEaVrFA=
go.opentelemetry.io/otel/exporters/otlp/otlptrace/otlptracegrpc v1.27.0/go.mod h1:MOiCmryaYtc+V0Ei+Tx9o5S1ZjA7kzLucuVuyzBZloQ=
go.opentelemetry.io/otel/metric v1.27.0 h1:hvj3vdEKyeCi4YaYfNjv2NUje8FqKqUY8IlF0FxV/ik=
go.opentelemetry.io/otel/metric v1.27.0/go.mod h1:mVFgmRlhljgBiuk/MP/oKylr4hs85GZAylncepAX/ak=
go.opentelemetry.io/otel/sdk v1.27.0 h1:mlk+/Y1gLPLn84U4tI8d3GNJmGT/eXe3ZuOXN9kTWmI=
go.opentelemetry.io/otel/sdk v1.27.0/go.mod h1:Ha9vbLwJE6W86YstIywK2xFfPjbWlCuwPtMkKdz/Y4A=
go.opentelemetry.io/otel/sdk/metric v1.27.0 h1:5uGNOlpXi+Hbo/DRoI31BSb1v+OGcpv2NemcCrOL8gI=
go.opentelemetry.io/otel/sdk/metric v1.27.0/go.mod h1:we7jJVrYN2kh3mVBlswtPU22K0SA+769l93J6bsyvqw=
go.opentelemetry.io/otel/trace v1.27.0 h1:IqYb813p7cmbHk0a5y6pD5JPakbVfftRXABGt5/Rscw=
go.opentelemetry.io/otel/trace v1.27.0/go.mod h1:6RiD1hkAprV4/q+yd2ln1HG9GoPx39SuvvstaLBl+l4=
go.opentelemetry.io/proto/otlp v1.2.0 h1:pVeZGk7nXDC9O2hncA6nHldxEjm6LByfA2aN8IOkz94=
go.opentelemetry.io/proto/otlp v1.2.0/go.mod h1:gGpR8txAl5M03pDhMC79G6SdqNV26naRm/KDsgaHD8A=
go.uber.org/atomic v1.11.0 h1:ZvwS0R+56ePWxUNi+Atn9dWONBPp/AUETXlHW0DxSjE=
go.uber.org/atomic v1.11.0/go.mod h1:LUxbIzbOniOlMKjJjyPfpl4v+PKK2cNJn91OQbhoJI0=
go.uber.org/goleak v1.3.0 h1:2K3zAYmnTNqV73imy9J1T3WC+gmCePx2hEGkimedGto=
go.uber.org/goleak v1.3.0/go.mod h1:CoHD4mav9JJNrW/WLlf7HGZPjdw8EucARQHekz1X6bE=
go.uber.org/multierr v1.11.0 h1:blXXJkSxSSfBVBlC76pxqeO+LN3aDfLQo+309xJstO0=
go.uber.org/multierr v1.11.0/go.mod h1:20+QtiLqy0Nd6FdQB9TLXag12DsQkrbs3htMFfDN80Y=
golang.org/x/exp v0.0.0-20240506185415-9bf2ced13842 h1:vr/HnozRka3pE4EsMEg1lgkXJkTFJCVUX+S/ZT6wYzM=
golang.org/x/exp v0.0.0-20240506185415-9bf2ced13842/go.mod h1:XtvwrStGgqGPLc4cjQfWqZHG1YFdYs6swckp8vpsjnc=
golang.org/x/mod v0.18.0 h1:5+9lSbEzPSdWkH32vYPBwEpX8KwDbM52Ud9xBUvNlb0=
golang.org/x/mod v0.18.0/go.mod h1:hTbmBsO62+eylJbnUtE2MGJUyE7QWk4xUqPFrRgJ+7c=
golang.org/x/net v0.26.0 h1:soB7SVo0PWrY4vPW/+ay0jKDNScG2X9wFeYlXIvJsOQ=
golang.org/x/net v0.26.0/go.mod h1:5YKkiSynbBIh3p6iOc/vibscux0x38BZDkn8sCUPxHE=
golang.org/x/sync v0.7.0 h1:YsImfSBoP9QPYL0xyKJPq0gcaJdG3rInoqxTWbfQu9M=
golang.org/x/sync v0.7.0/go.mod h1:Czt+wKu1gCyEFDUtn0jG5QVvpJ6rzVqr5aXyt9drQfk=
golang.org/x/sys v0.21.0 h1:rF+pYz3DAGSQAxAu1CbC7catZg4ebC4UIeIhKxBZvws=
golang.org/x/sys v0.21.0/go.mod h1:/VUhepiaJMQUp4+oa/7Zr1D23ma6VTLIYjOOTFZPUcA=
golang.org/x/term v0.21.0 h1:WVXCp+/EBEHOj53Rvu+7KiT/iElMrO8ACK16SMZ3jaA=
golang.org/x/term v0.21.0/go.mod h1:ooXLefLobQVslOqselCNF4SxFAaoS6KujMbsGzSDmX0=
golang.org/x/text v0.16.0 h1:a94ExnEXNtEwYLGJSIUxnWoxoRz/ZcCsV63ROupILh4=
golang.org/x/text v0.16.0/go.mod h1:GhwF1Be+LQoKShO3cGOHzqOgRrGaYc9AvblQOmPVHnI=
golang.org/x/tools v0.21.1-0.20240508182429-e35e4ccd0d2d h1:vU5i/LfpvrRCpgM/VPfJLg5KjxD3E+hfT1SH+d9zLwg=
golang.org/x/tools v0.21.1-0.20240508182429-e35e4ccd0d2d/go.mod h1:aiJjzUbINMkxbQROHiO6hDPo2LHcIPhhQsa9DLh0yGk=
golang.org/x/xerrors v0.0.0-20191204190536-9bdfabe68543/go.mod h1:I/5z698sn9Ka8TeJc9MKroUUfqBBauWjQqLJ2OPfmY0=
google.golang.org/genproto v0.0.0-20240521202816-d264139d666e h1:axIBUGXSVho2zB+3tJj8l9Qvm/El5vVYPYqhGA5PmJM=
google.golang.org/genproto v0.0.0-20240521202816-d264139d666e/go.mod h1:gOvX/2dWTqh+u3+IHjFeCxinlz5AZ5qhOufbQPub/dE=
google.golang.org/genproto/googleapis/api v0.0.0-20240521202816-d264139d666e h1:SkdGTrROJl2jRGT/Fxv5QUf9jtdKCQh4KQJXbXVLAi0=
google.golang.org/genproto/googleapis/api v0.0.0-20240521202816-d264139d666e/go.mod h1:LweJcLbyVij6rCex8YunD8DYR5VDonap/jYl3ZRxcIU=
google.golang.org/genproto/googleapis/rpc v0.0.0-20240610135401-a8a62080eff3 h1:9Xyg6I9IWQZhRVfCWjKK+l6kI0jHcPesVlMnT//aHNo=
google.golang.org/genproto/googleapis/rpc v0.0.0-20240610135401-a8a62080eff3/go.mod h1:EfXuqaE1J41VCDicxHzUDm+8rk+7ZdXzHV0IhO/I6s0=
google.golang.org/grpc v1.64.0 h1:KH3VH9y/MgNQg1dE7b3XfVK0GsPSIzJwdF617gUSbvY=
google.golang.org/grpc v1.64.0/go.mod h1:oxjF8E3FBnjp+/gVFYdWacaLDx9na1aqy9oovLpxQYg=
google.golang.org/protobuf v1.26.0-rc.1/go.mod h1:jlhhOSvTdKEhbULTjvd4ARK9grFBp09yW+WbY/TyQbw=
google.golang.org/protobuf v1.34.1 h1:9ddQBjfCyZPOHPUiPxpYESBLc+T8P3E+Vo4IbKZgFWg=
google.golang.org/protobuf v1.34.1/go.mod h1:c6P6GXX6sHbq/GpV6MGZEdwhWPcYBgnhAHhKbcUYpos=
gopkg.in/check.v1 v0.0.0-20161208181325-20d25e280405/go.mod h1:Co6ibVJAznAaIkqp8huTwlJQCZ016jof/cbN4VW5Yz0=
gopkg.in/check.v1 v1.0.0-20201130134442-10cb98267c6c h1:Hei/4ADfdWqJk1ZMxUNpqntNwaWcugrBjAiHlqqRiVk=
gopkg.in/check.v1 v1.0.0-20201130134442-10cb98267c6c/go.mod h1:JHkPIbrfpd72SG/EVd6muEfDQjcINNoR0C8j2r3qZ4Q=
gopkg.in/yaml.v3 v3.0.0-20200313102051-9f266ea9e77c/go.mod h1:K4uyk7z7BCEPqu6E+C64Yfv1cQ7kz7rIZviUmN+EgEM=
gopkg.in/yaml.v3 v3.0.1 h1:fxVm/GzAzEWqLHuvctI91KS9hhNmmWOoWu0XTYJS7CA=
gopkg.in/yaml.v3 v3.0.1/go.mod h1:K4uyk7z7BCEPqu6E+C64Yfv1cQ7kz7rIZviUmN+EgEM=
sigs.k8s.io/yaml v1.4.0 h1:Mk1wCc2gy/F0THH0TAp1QYyJNzRm2KCLy3o5ASXVI5E=
sigs.k8s.io/yaml v1.4.0/go.mod h1:Ejl7/uTz7PSA4eKMyQCUTnhZYNmLIl+5c2lQPGR2BPY=
